{
  "name": "polite-mystery-queen",
  "version": "1.0.0",
  "lockfileVersion": 2,
  "requires": true,
  "packages": {
    "": {
      "name": "polite-mystery-queen",
      "version": "1.0.0",
      "license": "ISC",
      "devDependencies": {
        "docker-names": "^1.2.1"
      }
    },
    "node_modules/docker-names": {
      "version": "1.2.1",
      "resolved": "https://registry.npmmirror.com/docker-names/-/docker-names-1.2.1.tgz",
      "integrity": "sha512-uh42tvWBp10fnMyJ9z0YL9kql+iolxEnQ+pGZANj+gcg/N2NxjrdHbMXT2Y2Y07A8Jf7KJp/6LkElPCfukCdWg==",
      "dev": true
    }
  },
  "dependencies": {
    "docker-names": {
      "version": "1.2.1",
      "resolved": "https://registry.npmmirror.com/docker-names/-/docker-names-1.2.1.tgz",
      "integrity": "sha512-uh42tvWBp10fnMyJ9z0YL9kql+iolxEnQ+pGZANj+gcg/N2NxjrdHbMXT2Y2Y07A8Jf7KJp/6LkElPCfukCdWg==",
      "dev": true
    }
  }
}
